
Microsoft Visual Studio Solution File, Format Version 12.00
# Visual Studio Version 17
VisualStudioVersion = 17.10.34916.146
MinimumVisualStudioVersion = 10.0.40219.1
Project("{FAE04EC0-301F-11D3-BF4B-00C04F79EFBC}") = "BupaAustraliaCodingTest", "BupaAustraliaCodingTest\BupaAustraliaCodingTest.csproj", "{6AEADA5F-F387-4362-A0A4-A539F58C9802}"
EndProject
Global
	GlobalSection(SolutionConfigurationPlatforms) = preSolution
		Debug|Any CPU = Debug|Any CPU
		Release|Any CPU = Release|Any CPU
	EndGlobalSection
	GlobalSection(ProjectConfigurationPlatforms) = postSolution
		{6AEADA5F-F387-4362-A0A4-A539F58C9802}.Debug|Any CPU.ActiveCfg = Debug|Any CPU
		{6AEADA5F-F387-4362-A0A4-A539F58C9802}.Debug|Any CPU.Build.0 = Debug|Any CPU
		{6AEADA5F-F387-4362-A0A4-A539F58C9802}.Release|Any CPU.ActiveCfg = Release|Any CPU
		{6AEADA5F-F387-4362-A0A4-A539F58C9802}.Release|Any CPU.Build.0 = Release|Any CPU
	EndGlobalSection
	GlobalSection(SolutionProperties) = preSolution
		HideSolutionNode = FALSE
	EndGlobalSection
	GlobalSection(ExtensibilityGlobals) = postSolution
		SolutionGuid = {0F254872-E7BB-4E04-9F08-91399459875C}
	EndGlobalSection
EndGlobal
